
Microsoft Visual Studio Solution File, Format Version 12.00
# Visual Studio Version 17
VisualStudioVersion = 17.10.35027.167
MinimumVisualStudioVersion = 10.0.40219.1
Project("{FAE04EC0-301F-11D3-BF4B-00C04F79EFBC}") = "webParcial4", "webParcial4\webParcial4.csproj", "{B7524938-DEA6-4A5D-A9B2-E6455D5D70BE}"
EndProject
Global
	GlobalSection(SolutionConfigurationPlatforms) = preSolution
		Debug|Any CPU = Debug|Any CPU
		Release|Any CPU = Release|Any CPU
	EndGlobalSection
	GlobalSection(ProjectConfigurationPlatforms) = postSolution
		{B7524938-DEA6-4A5D-A9B2-E6455D5D70BE}.Debug|Any CPU.ActiveCfg = Debug|Any CPU
		{B7524938-DEA6-4A5D-A9B2-E6455D5D70BE}.Debug|Any CPU.Build.0 = Debug|Any CPU
		{B7524938-DEA6-4A5D-A9B2-E6455D5D70BE}.Release|Any CPU.ActiveCfg = Release|Any CPU
		{B7524938-DEA6-4A5D-A9B2-E6455D5D70BE}.Release|Any CPU.Build.0 = Release|Any CPU
	EndGlobalSection
	GlobalSection(SolutionProperties) = preSolution
		HideSolutionNode = FALSE
	EndGlobalSection
	GlobalSection(ExtensibilityGlobals) = postSolution
		SolutionGuid = {80AA1414-5E2C-4B0D-807F-32F4DE8DDCB3}
	EndGlobalSection
EndGlobal
